
Microsoft Visual Studio Solution File, Format Version 12.00
# Visual Studio Version 16
VisualStudioVersion = 16.0.30523.141
MinimumVisualStudioVersion = 10.0.40219.1
Project("{8BC9CEB8-8B4A-11D0-8D11-00A0C91BC942}") = "HolaMundo", "HolaMundo\HolaMundo.vcxproj", "{29A3B8BF-5BE6-4342-81D4-A45A0F87B400}"
EndProject
Project("{2150E333-8FDC-42A3-9474-1A3956D46DE8}") = "Week1", "Week1", "{8C386BE7-A73E-472C-9A27-B38717A5FDF6}"
EndProject
Project("{8BC9CEB8-8B4A-11D0-8D11-00A0C91BC942}") = "SumaNumeros", "SumaNumeros\SumaNumeros.vcxproj", "{D9FF78F1-1F91-4C2A-8973-D0EA27BAE4B9}"
EndProject
Project("{8BC9CEB8-8B4A-11D0-8D11-00A0C91BC942}") = "DigitosEnteros", "DigitosEnteros\DigitosEnteros.vcxproj", "{AD68A858-D364-464E-A8D7-5B53250F1A11}"
EndProject
Project("{2150E333-8FDC-42A3-9474-1A3956D46DE8}") = "Actividad1", "Actividad1", "{31FE19CE-2D49-4E84-B2FD-947EE9A4E19E}"
EndProject
Project("{8BC9CEB8-8B4A-11D0-8D11-00A0C91BC942}") = "Ejercicio2.29(TABLA)", "Ejercicio2.29(TABLA)\Ejercicio2.29(TABLA).vcxproj", "{C2C226DA-BF6E-4E2E-BABE-C3A8CC6018E7}"
EndProject
Project("{8BC9CEB8-8B4A-11D0-8D11-00A0C91BC942}") = "Ejercicio4.26(PALINDROMO)", "Ejercicio4.26(PALINDROMO)\Ejercicio4.26(PALINDROMO).vcxproj", "{906AB0C9-F6AB-467C-A857-8D69EA74C7DB}"
EndProject
Project("{8BC9CEB8-8B4A-11D0-8D11-00A0C91BC942}") = "Ejercicio4.27(EquivalenteDecimal)", "Ejercicio4.27(EquivalenteDecimal)\Ejercicio4.27(EquivalenteDecimal).vcxproj", "{F5C2DE5B-A17F-4BEB-AF78-E843AEDE719D}"
EndProject
Project("{2150E333-8FDC-42A3-9474-1A3956D46DE8}") = "Week2", "Week2", "{8F71BAA0-7D3D-445C-8653-6789C8C1BE19}"
EndProject
Project("{8BC9CEB8-8B4A-11D0-8D11-00A0C91BC942}") = "ejemploClases", "ejemploClases\ejemploClases.vcxproj", "{7D9288C5-851C-4E24-9DFA-4AEBFDF52364}"
EndProject
Project("{8BC9CEB8-8B4A-11D0-8D11-00A0C91BC942}") = "EjercicioEnClase", "EjercicioEnClase\EjercicioEnClase.vcxproj", "{A5E25033-BCEF-455B-BCAE-9D3AF90704C3}"
EndProject
Project("{8BC9CEB8-8B4A-11D0-8D11-00A0C91BC942}") = "EjemploInterfazdeImplementacion", "EjemploInterfazdeImplementacion\EjemploInterfazdeImplementacion.vcxproj", "{936C51E7-BFCE-465E-B4FB-A2F21AA09245}"
EndProject
Project("{8BC9CEB8-8B4A-11D0-8D11-00A0C91BC942}") = "EjercicioRacionales", "EjercicioRacionales\EjercicioRacionales.vcxproj", "{3F146C1C-F74C-493C-93AD-A4D728BBB3EA}"
EndProject
Project("{2150E333-8FDC-42A3-9474-1A3956D46DE8}") = "Actividad2", "Actividad2", "{E22EA009-17AB-4315-95CB-98D6006AF7F8}"
EndProject
Project("{8BC9CEB8-8B4A-11D0-8D11-00A0C91BC942}") = "Ejercicio3.12(ClaseCuenta)", "Ejercicio3.12(ClaseCuenta)\Ejercicio3.12(ClaseCuenta).vcxproj", "{A19B86F8-AEDE-416A-B102-B3BD9890E153}"
EndProject
Project("{8BC9CEB8-8B4A-11D0-8D11-00A0C91BC942}") = "Ejercicio9.12(ClaseRectanguloMejorada)", "Ejercicio9.12(ClaseRectanguloMejorada)\Ejercicio9.12(ClaseRectanguloMejorada).vcxproj", "{55AB1382-E5EE-46E0-A9FF-4B938A11C731}"
EndProject
Project("{2150E333-8FDC-42A3-9474-1A3956D46DE8}") = "Week3", "Week3", "{FBAC250B-174E-4E51-9534-FC4038EDA169}"
EndProject
Project("{8BC9CEB8-8B4A-11D0-8D11-00A0C91BC942}") = "EjemploSobreCargaOperadores", "EjemploSobreCargaOperadores\EjemploSobreCargaOperadores.vcxproj", "{7EF8A0BE-4973-4CD2-8299-8D246113E34E}"
EndProject
Project("{2150E333-8FDC-42A3-9474-1A3956D46DE8}") = "Actividad3", "Actividad3", "{D89ED586-6590-4AB5-887A-F170EF648B13}"
EndProject
Project("{8BC9CEB8-8B4A-11D0-8D11-00A0C91BC942}") = "EjercicioRacionalesSobrecargados", "EjercicioRacionalesSobrecargados\EjercicioRacionalesSobrecargados.vcxproj", "{B6CEC62D-2ADF-41AB-A2BF-7D2BDA4BA7BE}"
EndProject
Project("{8BC9CEB8-8B4A-11D0-8D11-00A0C91BC942}") = "EjercicioCuenta(Herencia)", "EjercicioCuenta(Herencia)\EjercicioCuenta(Herencia).vcxproj", "{25D2209D-BA43-4341-9973-AB62323B01A6}"
EndProject
Project("{2150E333-8FDC-42A3-9474-1A3956D46DE8}") = "Week4", "Week4", "{12890ACC-3F9B-43CE-B683-E37224CDC31A}"
EndProject
Project("{8BC9CEB8-8B4A-11D0-8D11-00A0C91BC942}") = "EjemploPolimorfismo", "EjemploPolimorfismo\EjemploPolimorfismo.vcxproj", "{EBFE1444-34A6-474F-A45B-040014442312}"
EndProject
Project("{2150E333-8FDC-42A3-9474-1A3956D46DE8}") = "Week5", "Week5", "{C65CB90A-7574-4EF4-A940-DA3A0B1F9BFE}"
EndProject
Project("{8BC9CEB8-8B4A-11D0-8D11-00A0C91BC942}") = "ejercicioCadenas", "ejercicioCadenas\ejercicioCadenas.vcxproj", "{72D10502-86D8-4823-AABE-D1B78EA402FC}"
EndProject
Project("{8BC9CEB8-8B4A-11D0-8D11-00A0C91BC942}") = "ejemploCadena", "ejemploCadena\ejemploCadena.vcxproj", "{DFAA3AE7-A79F-447A-9D48-DF359D3A60B7}"
EndProject
Global
	GlobalSection(SolutionConfigurationPlatforms) = preSolution
		Debug|x64 = Debug|x64
		Debug|x86 = Debug|x86
		Release|x64 = Release|x64
		Release|x86 = Release|x86
	EndGlobalSection
	GlobalSection(ProjectConfigurationPlatforms) = postSolution
		{29A3B8BF-5BE6-4342-81D4-A45A0F87B400}.Debug|x64.ActiveCfg = Debug|x64
		{29A3B8BF-5BE6-4342-81D4-A45A0F87B400}.Debug|x64.Build.0 = Debug|x64
		{29A3B8BF-5BE6-4342-81D4-A45A0F87B400}.Debug|x86.ActiveCfg = Debug|Win32
		{29A3B8BF-5BE6-4342-81D4-A45A0F87B400}.Debug|x86.Build.0 = Debug|Win32
		{29A3B8BF-5BE6-4342-81D4-A45A0F87B400}.Release|x64.ActiveCfg = Release|x64
		{29A3B8BF-5BE6-4342-81D4-A45A0F87B400}.Release|x64.Build.0 = Release|x64
		{29A3B8BF-5BE6-4342-81D4-A45A0F87B400}.Release|x86.ActiveCfg = Release|Win32
		{29A3B8BF-5BE6-4342-81D4-A45A0F87B400}.Release|x86.Build.0 = Release|Win32
		{D9FF78F1-1F91-4C2A-8973-D0EA27BAE4B9}.Debug|x64.ActiveCfg = Debug|x64
		{D9FF78F1-1F91-4C2A-8973-D0EA27BAE4B9}.Debug|x64.Build.0 = Debug|x64
		{D9FF78F1-1F91-4C2A-8973-D0EA27BAE4B9}.Debug|x86.ActiveCfg = Debug|Win32
		{D9FF78F1-1F91-4C2A-8973-D0EA27BAE4B9}.Debug|x86.Build.0 = Debug|Win32
		{D9FF78F1-1F91-4C2A-8973-D0EA27BAE4B9}.Release|x64.ActiveCfg = Release|x64
		{D9FF78F1-1F91-4C2A-8973-D0EA27BAE4B9}.Release|x64.Build.0 = Release|x64
		{D9FF78F1-1F91-4C2A-8973-D0EA27BAE4B9}.Release|x86.ActiveCfg = Release|Win32
		{D9FF78F1-1F91-4C2A-8973-D0EA27BAE4B9}.Release|x86.Build.0 = Release|Win32
		{AD68A858-D364-464E-A8D7-5B53250F1A11}.Debug|x64.ActiveCfg = Debug|x64
		{AD68A858-D364-464E-A8D7-5B53250F1A11}.Debug|x64.Build.0 = Debug|x64
		{AD68A858-D364-464E-A8D7-5B53250F1A11}.Debug|x86.ActiveCfg = Debug|Win32
		{AD68A858-D364-464E-A8D7-5B53250F1A11}.Debug|x86.Build.0 = Debug|Win32
		{AD68A858-D364-464E-A8D7-5B53250F1A11}.Release|x64.ActiveCfg = Release|x64
		{AD68A858-D364-464E-A8D7-5B53250F1A11}.Release|x64.Build.0 = Release|x64
		{AD68A858-D364-464E-A8D7-5B53250F1A11}.Release|x86.ActiveCfg = Release|Win32
		{AD68A858-D364-464E-A8D7-5B53250F1A11}.Release|x86.Build.0 = Release|Win32
		{C2C226DA-BF6E-4E2E-BABE-C3A8CC6018E7}.Debug|x64.ActiveCfg = Debug|x64
		{C2C226DA-BF6E-4E2E-BABE-C3A8CC6018E7}.Debug|x64.Build.0 = Debug|x64
		{C2C226DA-BF6E-4E2E-BABE-C3A8CC6018E7}.Debug|x86.ActiveCfg = Debug|Win32
		{C2C226DA-BF6E-4E2E-BABE-C3A8CC6018E7}.Debug|x86.Build.0 = Debug|Win32
		{C2C226DA-BF6E-4E2E-BABE-C3A8CC6018E7}.Release|x64.ActiveCfg = Release|x64
		{C2C226DA-BF6E-4E2E-BABE-C3A8CC6018E7}.Release|x64.Build.0 = Release|x64
		{C2C226DA-BF6E-4E2E-BABE-C3A8CC6018E7}.Release|x86.ActiveCfg = Release|Win32
		{C2C226DA-BF6E-4E2E-BABE-C3A8CC6018E7}.Release|x86.Build.0 = Release|Win32
		{906AB0C9-F6AB-467C-A857-8D69EA74C7DB}.Debug|x64.ActiveCfg = Debug|x64
		{906AB0C9-F6AB-467C-A857-8D69EA74C7DB}.Debug|x64.Build.0 = Debug|x64
		{906AB0C9-F6AB-467C-A857-8D69EA74C7DB}.Debug|x86.ActiveCfg = Debug|Win32
		{906AB0C9-F6AB-467C-A857-8D69EA74C7DB}.Debug|x86.Build.0 = Debug|Win32
		{906AB0C9-F6AB-467C-A857-8D69EA74C7DB}.Release|x64.ActiveCfg = Release|x64
		{906AB0C9-F6AB-467C-A857-8D69EA74C7DB}.Release|x64.Build.0 = Release|x64
		{906AB0C9-F6AB-467C-A857-8D69EA74C7DB}.Release|x86.ActiveCfg = Release|Win32
		{906AB0C9-F6AB-467C-A857-8D69EA74C7DB}.Release|x86.Build.0 = Release|Win32
		{F5C2DE5B-A17F-4BEB-AF78-E843AEDE719D}.Debug|x64.ActiveCfg = Debug|x64
		{F5C2DE5B-A17F-4BEB-AF78-E843AEDE719D}.Debug|x64.Build.0 = Debug|x64
		{F5C2DE5B-A17F-4BEB-AF78-E843AEDE719D}.Debug|x86.ActiveCfg = Debug|Win32
		{F5C2DE5B-A17F-4BEB-AF78-E843AEDE719D}.Debug|x86.Build.0 = Debug|Win32
		{F5C2DE5B-A17F-4BEB-AF78-E843AEDE719D}.Release|x64.ActiveCfg = Release|x64
		{F5C2DE5B-A17F-4BEB-AF78-E843AEDE719D}.Release|x64.Build.0 = Release|x64
		{F5C2DE5B-A17F-4BEB-AF78-E843AEDE719D}.Release|x86.ActiveCfg = Release|Win32
		{F5C2DE5B-A17F-4BEB-AF78-E843AEDE719D}.Release|x86.Build.0 = Release|Win32
		{7D9288C5-851C-4E24-9DFA-4AEBFDF52364}.Debug|x64.ActiveCfg = Debug|x64
		{7D9288C5-851C-4E24-9DFA-4AEBFDF52364}.Debug|x64.Build.0 = Debug|x64
		{7D9288C5-851C-4E24-9DFA-4AEBFDF52364}.Debug|x86.ActiveCfg = Debug|Win32
		{7D9288C5-851C-4E24-9DFA-4AEBFDF52364}.Debug|x86.Build.0 = Debug|Win32
		{7D9288C5-851C-4E24-9DFA-4AEBFDF52364}.Release|x64.ActiveCfg = Release|x64
		{7D9288C5-851C-4E24-9DFA-4AEBFDF52364}.Release|x64.Build.0 = Release|x64
		{7D9288C5-851C-4E24-9DFA-4AEBFDF52364}.Release|x86.ActiveCfg = Release|Win32
		{7D9288C5-851C-4E24-9DFA-4AEBFDF52364}.Release|x86.Build.0 = Release|Win32
		{A5E25033-BCEF-455B-BCAE-9D3AF90704C3}.Debug|x64.ActiveCfg = Debug|x64
		{A5E25033-BCEF-455B-BCAE-9D3AF90704C3}.Debug|x64.Build.0 = Debug|x64
		{A5E25033-BCEF-455B-BCAE-9D3AF90704C3}.Debug|x86.ActiveCfg = Debug|Win32
		{A5E25033-BCEF-455B-BCAE-9D3AF90704C3}.Debug|x86.Build.0 = Debug|Win32
		{A5E25033-BCEF-455B-BCAE-9D3AF90704C3}.Release|x64.ActiveCfg = Release|x64
		{A5E25033-BCEF-455B-BCAE-9D3AF90704C3}.Release|x64.Build.0 = Release|x64
		{A5E25033-BCEF-455B-BCAE-9D3AF90704C3}.Release|x86.ActiveCfg = Release|Win32
		{A5E25033-BCEF-455B-BCAE-9D3AF90704C3}.Release|x86.Build.0 = Release|Win32
		{936C51E7-BFCE-465E-B4FB-A2F21AA09245}.Debug|x64.ActiveCfg = Debug|x64
		{936C51E7-BFCE-465E-B4FB-A2F21AA09245}.Debug|x64.Build.0 = Debug|x64
		{936C51E7-BFCE-465E-B4FB-A2F21AA09245}.Debug|x86.ActiveCfg = Debug|Win32
		{936C51E7-BFCE-465E-B4FB-A2F21AA09245}.Debug|x86.Build.0 = Debug|Win32
		{936C51E7-BFCE-465E-B4FB-A2F21AA09245}.Release|x64.ActiveCfg = Release|x64
		{936C51E7-BFCE-465E-B4FB-A2F21AA09245}.Release|x64.Build.0 = Release|x64
		{936C51E7-BFCE-465E-B4FB-A2F21AA09245}.Release|x86.ActiveCfg = Release|Win32
		{936C51E7-BFCE-465E-B4FB-A2F21AA09245}.Release|x86.Build.0 = Release|Win32
		{3F146C1C-F74C-493C-93AD-A4D728BBB3EA}.Debug|x64.ActiveCfg = Debug|x64
		{3F146C1C-F74C-493C-93AD-A4D728BBB3EA}.Debug|x64.Build.0 = Debug|x64
		{3F146C1C-F74C-493C-93AD-A4D728BBB3EA}.Debug|x86.ActiveCfg = Debug|Win32
		{3F146C1C-F74C-493C-93AD-A4D728BBB3EA}.Debug|x86.Build.0 = Debug|Win32
		{3F146C1C-F74C-493C-93AD-A4D728BBB3EA}.Release|x64.ActiveCfg = Release|x64
		{3F146C1C-F74C-493C-93AD-A4D728BBB3EA}.Release|x64.Build.0 = Release|x64
		{3F146C1C-F74C-493C-93AD-A4D728BBB3EA}.Release|x86.ActiveCfg = Release|Win32
		{3F146C1C-F74C-493C-93AD-A4D728BBB3EA}.Release|x86.Build.0 = Release|Win32
		{A19B86F8-AEDE-416A-B102-B3BD9890E153}.Debug|x64.ActiveCfg = Debug|x64
		{A19B86F8-AEDE-416A-B102-B3BD9890E153}.Debug|x64.Build.0 = Debug|x64
		{A19B86F8-AEDE-416A-B102-B3BD9890E153}.Debug|x86.ActiveCfg = Debug|Win32
		{A19B86F8-AEDE-416A-B102-B3BD9890E153}.Debug|x86.Build.0 = Debug|Win32
		{A19B86F8-AEDE-416A-B102-B3BD9890E153}.Release|x64.ActiveCfg = Release|x64
		{A19B86F8-AEDE-416A-B102-B3BD9890E153}.Release|x64.Build.0 = Release|x64
		{A19B86F8-AEDE-416A-B102-B3BD9890E153}.Release|x86.ActiveCfg = Release|Win32
		{A19B86F8-AEDE-416A-B102-B3BD9890E153}.Release|x86.Build.0 = Release|Win32
		{55AB1382-E5EE-46E0-A9FF-4B938A11C731}.Debug|x64.ActiveCfg = Debug|x64
		{55AB1382-E5EE-46E0-A9FF-4B938A11C731}.Debug|x64.Build.0 = Debug|x64
		{55AB1382-E5EE-46E0-A9FF-4B938A11C731}.Debug|x86.ActiveCfg = Debug|Win32
		{55AB1382-E5EE-46E0-A9FF-4B938A11C731}.Debug|x86.Build.0 = Debug|Win32
		{55AB1382-E5EE-46E0-A9FF-4B938A11C731}.Release|x64.ActiveCfg = Release|x64
		{55AB1382-E5EE-46E0-A9FF-4B938A11C731}.Release|x64.Build.0 = Release|x64
		{55AB1382-E5EE-46E0-A9FF-4B938A11C731}.Release|x86.ActiveCfg = Release|Win32
		{55AB1382-E5EE-46E0-A9FF-4B938A11C731}.Release|x86.Build.0 = Release|Win32
		{7EF8A0BE-4973-4CD2-8299-8D246113E34E}.Debug|x64.ActiveCfg = Debug|x64
		{7EF8A0BE-4973-4CD2-8299-8D246113E34E}.Debug|x64.Build.0 = Debug|x64
		{7EF8A0BE-4973-4CD2-8299-8D246113E34E}.Debug|x86.ActiveCfg = Debug|Win32
		{7EF8A0BE-4973-4CD2-8299-8D246113E34E}.Debug|x86.Build.0 = Debug|Win32
		{7EF8A0BE-4973-4CD2-8299-8D246113E34E}.Release|x64.ActiveCfg = Release|x64
		{7EF8A0BE-4973-4CD2-8299-8D246113E34E}.Release|x64.Build.0 = Release|x64
		{7EF8A0BE-4973-4CD2-8299-8D246113E34E}.Release|x86.ActiveCfg = Release|Win32
		{7EF8A0BE-4973-4CD2-8299-8D246113E34E}.Release|x86.Build.0 = Release|Win32
		{B6CEC62D-2ADF-41AB-A2BF-7D2BDA4BA7BE}.Debug|x64.ActiveCfg = Debug|x64
		{B6CEC62D-2ADF-41AB-A2BF-7D2BDA4BA7BE}.Debug|x64.Build.0 = Debug|x64
		{B6CEC62D-2ADF-41AB-A2BF-7D2BDA4BA7BE}.Debug|x86.ActiveCfg = Debug|Win32
		{B6CEC62D-2ADF-41AB-A2BF-7D2BDA4BA7BE}.Debug|x86.Build.0 = Debug|Win32
		{B6CEC62D-2ADF-41AB-A2BF-7D2BDA4BA7BE}.Release|x64.ActiveCfg = Release|x64
		{B6CEC62D-2ADF-41AB-A2BF-7D2BDA4BA7BE}.Release|x64.Build.0 = Release|x64
		{B6CEC62D-2ADF-41AB-A2BF-7D2BDA4BA7BE}.Release|x86.ActiveCfg = Release|Win32
		{B6CEC62D-2ADF-41AB-A2BF-7D2BDA4BA7BE}.Release|x86.Build.0 = Release|Win32
		{25D2209D-BA43-4341-9973-AB62323B01A6}.Debug|x64.ActiveCfg = Debug|x64
		{25D2209D-BA43-4341-9973-AB62323B01A6}.Debug|x64.Build.0 = Debug|x64
		{25D2209D-BA43-4341-9973-AB62323B01A6}.Debug|x86.ActiveCfg = Debug|Win32
		{25D2209D-BA43-4341-9973-AB62323B01A6}.Debug|x86.Build.0 = Debug|Win32
		{25D2209D-BA43-4341-9973-AB62323B01A6}.Release|x64.ActiveCfg = Release|x64
		{25D2209D-BA43-4341-9973-AB62323B01A6}.Release|x64.Build.0 = Release|x64
		{25D2209D-BA43-4341-9973-AB62323B01A6}.Release|x86.ActiveCfg = Release|Win32
		{25D2209D-BA43-4341-9973-AB62323B01A6}.Release|x86.Build.0 = Release|Win32
		{EBFE1444-34A6-474F-A45B-040014442312}.Debug|x64.ActiveCfg = Debug|x64
		{EBFE1444-34A6-474F-A45B-040014442312}.Debug|x64.Build.0 = Debug|x64
		{EBFE1444-34A6-474F-A45B-040014442312}.Debug|x86.ActiveCfg = Debug|Win32
		{EBFE1444-34A6-474F-A45B-040014442312}.Debug|x86.Build.0 = Debug|Win32
		{EBFE1444-34A6-474F-A45B-040014442312}.Release|x64.ActiveCfg = Release|x64
		{EBFE1444-34A6-474F-A45B-040014442312}.Release|x64.Build.0 = Release|x64
		{EBFE1444-34A6-474F-A45B-040014442312}.Release|x86.ActiveCfg = Release|Win32
		{EBFE1444-34A6-474F-A45B-040014442312}.Release|x86.Build.0 = Release|Win32
		{72D10502-86D8-4823-AABE-D1B78EA402FC}.Debug|x64.ActiveCfg = Debug|x64
		{72D10502-86D8-4823-AABE-D1B78EA402FC}.Debug|x64.Build.0 = Debug|x64
		{72D10502-86D8-4823-AABE-D1B78EA402FC}.Debug|x86.ActiveCfg = Debug|Win32
		{72D10502-86D8-4823-AABE-D1B78EA402FC}.Debug|x86.Build.0 = Debug|Win32
		{72D10502-86D8-4823-AABE-D1B78EA402FC}.Release|x64.ActiveCfg = Release|x64
		{72D10502-86D8-4823-AABE-D1B78EA402FC}.Release|x64.Build.0 = Release|x64
		{72D10502-86D8-4823-AABE-D1B78EA402FC}.Release|x86.ActiveCfg = Release|Win32
		{72D10502-86D8-4823-AABE-D1B78EA402FC}.Release|x86.Build.0 = Release|Win32
		{DFAA3AE7-A79F-447A-9D48-DF359D3A60B7}.Debug|x64.ActiveCfg = Debug|x64
		{DFAA3AE7-A79F-447A-9D48-DF359D3A60B7}.Debug|x64.Build.0 = Debug|x64
		{DFAA3AE7-A79F-447A-9D48-DF359D3A60B7}.Debug|x86.ActiveCfg = Debug|Win32
		{DFAA3AE7-A79F-447A-9D48-DF359D3A60B7}.Debug|x86.Build.0 = Debug|Win32
		{DFAA3AE7-A79F-447A-9D48-DF359D3A60B7}.Release|x64.ActiveCfg = Release|x64
		{DFAA3AE7-A79F-447A-9D48-DF359D3A60B7}.Release|x64.Build.0 = Release|x64
		{DFAA3AE7-A79F-447A-9D48-DF359D3A60B7}.Release|x86.ActiveCfg = Release|Win32
		{DFAA3AE7-A79F-447A-9D48-DF359D3A60B7}.Release|x86.Build.0 = Release|Win32
	EndGlobalSection
	GlobalSection(SolutionProperties) = preSolution
		HideSolutionNode = FALSE
	EndGlobalSection
	GlobalSection(NestedProjects) = preSolution
		{29A3B8BF-5BE6-4342-81D4-A45A0F87B400} = {8C386BE7-A73E-472C-9A27-B38717A5FDF6}
		{D9FF78F1-1F91-4C2A-8973-D0EA27BAE4B9} = {8C386BE7-A73E-472C-9A27-B38717A5FDF6}
		{AD68A858-D364-464E-A8D7-5B53250F1A11} = {8C386BE7-A73E-472C-9A27-B38717A5FDF6}
		{C2C226DA-BF6E-4E2E-BABE-C3A8CC6018E7} = {31FE19CE-2D49-4E84-B2FD-947EE9A4E19E}
		{906AB0C9-F6AB-467C-A857-8D69EA74C7DB} = {31FE19CE-2D49-4E84-B2FD-947EE9A4E19E}
		{F5C2DE5B-A17F-4BEB-AF78-E843AEDE719D} = {31FE19CE-2D49-4E84-B2FD-947EE9A4E19E}
		{7D9288C5-851C-4E24-9DFA-4AEBFDF52364} = {8F71BAA0-7D3D-445C-8653-6789C8C1BE19}
		{A5E25033-BCEF-455B-BCAE-9D3AF90704C3} = {8F71BAA0-7D3D-445C-8653-6789C8C1BE19}
		{936C51E7-BFCE-465E-B4FB-A2F21AA09245} = {8F71BAA0-7D3D-445C-8653-6789C8C1BE19}
		{3F146C1C-F74C-493C-93AD-A4D728BBB3EA} = {8F71BAA0-7D3D-445C-8653-6789C8C1BE19}
		{A19B86F8-AEDE-416A-B102-B3BD9890E153} = {E22EA009-17AB-4315-95CB-98D6006AF7F8}
		{55AB1382-E5EE-46E0-A9FF-4B938A11C731} = {E22EA009-17AB-4315-95CB-98D6006AF7F8}
		{7EF8A0BE-4973-4CD2-8299-8D246113E34E} = {FBAC250B-174E-4E51-9534-FC4038EDA169}
		{B6CEC62D-2ADF-41AB-A2BF-7D2BDA4BA7BE} = {D89ED586-6590-4AB5-887A-F170EF648B13}
		{25D2209D-BA43-4341-9973-AB62323B01A6} = {FBAC250B-174E-4E51-9534-FC4038EDA169}
		{EBFE1444-34A6-474F-A45B-040014442312} = {12890ACC-3F9B-43CE-B683-E37224CDC31A}
		{72D10502-86D8-4823-AABE-D1B78EA402FC} = {C65CB90A-7574-4EF4-A940-DA3A0B1F9BFE}
		{DFAA3AE7-A79F-447A-9D48-DF359D3A60B7} = {C65CB90A-7574-4EF4-A940-DA3A0B1F9BFE}
	EndGlobalSection
	GlobalSection(ExtensibilityGlobals) = postSolution
		SolutionGuid = {F1EF7BC1-9D34-4008-9A95-BC17B51B9720}
	EndGlobalSection
EndGlobal
